
Microsoft Visual Studio Solution File, Format Version 12.00
# Visual Studio Version 16
VisualStudioVersion = 16.0.29123.88
MinimumVisualStudioVersion = 10.0.40219.1
Project("{9A19103F-16F7-4668-BE54-9A1E7A4F7556}") = "AspCoreApplicationPart", "AspCoreApplicationPart\AspCoreApplicationPart.csproj", "{80C08D11-9928-4FF4-98A7-F9392DC567F8}"
EndProject
Project("{9A19103F-16F7-4668-BE54-9A1E7A4F7556}") = "ModuleTypes", "ModuleTypes\ModuleTypes.csproj", "{DD70F807-FA77-4A65-B2BC-E954DEBA778D}"
EndProject
Project("{9A19103F-16F7-4668-BE54-9A1E7A4F7556}") = "BalancedModules", "BalancedModules\BalancedModules.csproj", "{69511569-49E0-49A9-A10A-AC89CD4ACC88}"
EndProject
Project("{FAE04EC0-301F-11D3-BF4B-00C04F79EFBC}") = "HappyModules", "HappyModules\HappyModules.csproj", "{D41565C3-2BD5-440A-ACB7-EECC3A5D8592}"
EndProject
Global
	GlobalSection(SolutionConfigurationPlatforms) = preSolution
		Debug|Any CPU = Debug|Any CPU
		Release|Any CPU = Release|Any CPU
	EndGlobalSection
	GlobalSection(ProjectConfigurationPlatforms) = postSolution
		{80C08D11-9928-4FF4-98A7-F9392DC567F8}.Debug|Any CPU.ActiveCfg = Debug|Any CPU
		{80C08D11-9928-4FF4-98A7-F9392DC567F8}.Debug|Any CPU.Build.0 = Debug|Any CPU
		{80C08D11-9928-4FF4-98A7-F9392DC567F8}.Release|Any CPU.ActiveCfg = Release|Any CPU
		{80C08D11-9928-4FF4-98A7-F9392DC567F8}.Release|Any CPU.Build.0 = Release|Any CPU
		{DD70F807-FA77-4A65-B2BC-E954DEBA778D}.Debug|Any CPU.ActiveCfg = Debug|Any CPU
		{DD70F807-FA77-4A65-B2BC-E954DEBA778D}.Debug|Any CPU.Build.0 = Debug|Any CPU
		{DD70F807-FA77-4A65-B2BC-E954DEBA778D}.Release|Any CPU.ActiveCfg = Release|Any CPU
		{DD70F807-FA77-4A65-B2BC-E954DEBA778D}.Release|Any CPU.Build.0 = Release|Any CPU
		{69511569-49E0-49A9-A10A-AC89CD4ACC88}.Debug|Any CPU.ActiveCfg = Debug|Any CPU
		{69511569-49E0-49A9-A10A-AC89CD4ACC88}.Debug|Any CPU.Build.0 = Debug|Any CPU
		{69511569-49E0-49A9-A10A-AC89CD4ACC88}.Release|Any CPU.ActiveCfg = Release|Any CPU
		{69511569-49E0-49A9-A10A-AC89CD4ACC88}.Release|Any CPU.Build.0 = Release|Any CPU
		{D41565C3-2BD5-440A-ACB7-EECC3A5D8592}.Debug|Any CPU.ActiveCfg = Debug|Any CPU
		{D41565C3-2BD5-440A-ACB7-EECC3A5D8592}.Debug|Any CPU.Build.0 = Debug|Any CPU
		{D41565C3-2BD5-440A-ACB7-EECC3A5D8592}.Release|Any CPU.ActiveCfg = Release|Any CPU
		{D41565C3-2BD5-440A-ACB7-EECC3A5D8592}.Release|Any CPU.Build.0 = Release|Any CPU
	EndGlobalSection
	GlobalSection(SolutionProperties) = preSolution
		HideSolutionNode = FALSE
	EndGlobalSection
	GlobalSection(ExtensibilityGlobals) = postSolution
		SolutionGuid = {D0C2408C-C593-4F20-909D-42EEF1BE7CBD}
	EndGlobalSection
EndGlobal
